<?xml version="1.0" encoding="UTF-8"?>
<Project ToolsVersion="14.0" xmlns="http://schemas.microsoft.com/developer/msbuild/2003">
  <ItemGroup>
    <ClCompile Include="D:\Users\1530025\Desktop\bart-dx-engine-e16\bart-dx-engine-e16\bulletSource\examples\BasicDemo\BasicExample.cpp">
      <Filter>Source Files</Filter>
    </ClCompile>
    <ClCompile Include="D:\Users\1530025\Desktop\bart-dx-engine-e16\bart-dx-engine-e16\bulletSource\examples\BasicDemo\main.cpp">
      <Filter>Source Files</Filter>
    </ClCompile>
  </ItemGroup>
  <ItemGroup>
    <CustomBuild Include="D:\Users\1530025\Desktop\bart-dx-engine-e16\bart-dx-engine-e16\bulletSource\examples\BasicDemo\CMakeLists.txt" />
  </ItemGroup>
  <ItemGroup>
    <ResourceCompile Include="D:\Users\1530025\Desktop\bart-dx-engine-e16\bart-dx-engine-e16\bulletSource\build3\bullet.rc">
      <Filter>Source Files</Filter>
    </ResourceCompile>
  </ItemGroup>
  <ItemGroup>
    <Filter Include="Source Files">
      <UniqueIdentifier>{21B136E6-7F12-3177-8074-AD0338706AE0}</UniqueIdentifier>
    </Filter>
  </ItemGroup>
</Project>
