<?xml version="1.0" encoding="UTF-8"?>
<Project ToolsVersion="14.0" xmlns="http://schemas.microsoft.com/developer/msbuild/2003">
  <ItemGroup>
    <CustomBuild Include="D:\Users\1530025\Desktop\bart-dx-engine-e16\bart-dx-engine-e16\bulletBuild\CMakeFiles\f751b9e464f0d9e757b59a4b9d2b01c8\RUN_TESTS_force.rule">
      <Filter>CMake Rules</Filter>
    </CustomBuild>
  </ItemGroup>
  <ItemGroup>
    <Filter Include="CMake Rules">
      <UniqueIdentifier>{85C53878-5CF5-3160-92B4-5D085BA94423}</UniqueIdentifier>
    </Filter>
  </ItemGroup>
</Project>
