Microsoft Visual Studio Solution File, Format Version 12.00
# Visual Studio 14
Project("{8BC9CEB8-8B4A-11D0-8D11-00A0C91BC942}") = "ALL_BUILD", "ALL_BUILD.vcxproj", "{72A3C5A6-A069-3DEA-9F95-D58D0E41A4B5}"
	ProjectSection(ProjectDependencies) = postProject
		{AB572832-AA62-3981-B587-530F7D0B9182} = {AB572832-AA62-3981-B587-530F7D0B9182}
		{A5B70615-E99B-35F6-A594-AAC12EF19D5D} = {A5B70615-E99B-35F6-A594-AAC12EF19D5D}
		{5BFF8904-C575-313F-9BFA-917D56F16B40} = {5BFF8904-C575-313F-9BFA-917D56F16B40}
		{5B625793-7994-30A6-9426-BD73C499D054} = {5B625793-7994-30A6-9426-BD73C499D054}
		{00A1FED9-3812-3586-9135-7F39E66720ED} = {00A1FED9-3812-3586-9135-7F39E66720ED}
		{E5EBBEC4-A52A-3D0F-A155-73D2545CBAA6} = {E5EBBEC4-A52A-3D0F-A155-73D2545CBAA6}
		{8D5136AB-3F0E-35C5-906A-65C993F38A97} = {8D5136AB-3F0E-35C5-906A-65C993F38A97}
		{18ACFC55-C644-3BEE-BD1A-C99859F63D7F} = {18ACFC55-C644-3BEE-BD1A-C99859F63D7F}
		{45552E13-CDB3-3B15-B0AD-F27314BE20BD} = {45552E13-CDB3-3B15-B0AD-F27314BE20BD}
		{67CEFFAE-118F-3757-8B35-30F5B6EAE0CD} = {67CEFFAE-118F-3757-8B35-30F5B6EAE0CD}
		{5C975C5B-BA20-3D9A-A4B7-AFFAA930488B} = {5C975C5B-BA20-3D9A-A4B7-AFFAA930488B}
		{1AEFCE1D-48E8-3657-8147-13C5A7968602} = {1AEFCE1D-48E8-3657-8147-13C5A7968602}
		{99ECD4E5-8CC7-3A67-B0B5-321E36077984} = {99ECD4E5-8CC7-3A67-B0B5-321E36077984}
		{39FD909D-4159-3799-ACB4-86206D5C513C} = {39FD909D-4159-3799-ACB4-86206D5C513C}
		{663B7516-DEAD-3364-A7CB-0C6944941F1A} = {663B7516-DEAD-3364-A7CB-0C6944941F1A}
		{5D40A85B-582F-3C74-A327-C7122018B79E} = {5D40A85B-582F-3C74-A327-C7122018B79E}
		{083947F6-89ED-3226-B3AC-AC70AE9AA12B} = {083947F6-89ED-3226-B3AC-AC70AE9AA12B}
		{C27D4F31-275E-31EF-848F-01CAC757F149} = {C27D4F31-275E-31EF-848F-01CAC757F149}
		{B6F28FFD-151C-3E67-90DE-69F6CE086872} = {B6F28FFD-151C-3E67-90DE-69F6CE086872}
		{C4B3C46F-5337-3A7D-B6CF-31BC99A88232} = {C4B3C46F-5337-3A7D-B6CF-31BC99A88232}
		{AC30CD77-B5D0-3D42-9290-334DA0B5314C} = {AC30CD77-B5D0-3D42-9290-334DA0B5314C}
		{E47986AD-DBF4-3225-8681-5A50904BE431} = {E47986AD-DBF4-3225-8681-5A50904BE431}
		{C3174030-18C6-3EC3-AAC1-DDC49326D952} = {C3174030-18C6-3EC3-AAC1-DDC49326D952}
		{1249B6A5-1184-3EB1-98CF-F1F602C99A02} = {1249B6A5-1184-3EB1-98CF-F1F602C99A02}
		{EAC80309-3521-374D-A5D1-3EB4DEB23C69} = {EAC80309-3521-374D-A5D1-3EB4DEB23C69}
		{2D9629B1-7D6F-3F40-A252-7A5947796804} = {2D9629B1-7D6F-3F40-A252-7A5947796804}
		{6659B8A8-E854-3713-A3AF-FDB7F4799426} = {6659B8A8-E854-3713-A3AF-FDB7F4799426}
		{2FEB778B-063D-349C-BB53-9EA33CD9EE66} = {2FEB778B-063D-349C-BB53-9EA33CD9EE66}
	EndProjectSection
EndProject
Project("{8BC9CEB8-8B4A-11D0-8D11-00A0C91BC942}") = "App_BasicExample", "examples\BasicDemo\App_BasicExample.vcxproj", "{AB572832-AA62-3981-B587-530F7D0B9182}"
	ProjectSection(ProjectDependencies) = postProject
		{67CEFFAE-118F-3757-8B35-30F5B6EAE0CD} = {67CEFFAE-118F-3757-8B35-30F5B6EAE0CD}
		{5C975C5B-BA20-3D9A-A4B7-AFFAA930488B} = {5C975C5B-BA20-3D9A-A4B7-AFFAA930488B}
		{AC30CD77-B5D0-3D42-9290-334DA0B5314C} = {AC30CD77-B5D0-3D42-9290-334DA0B5314C}
		{2D9629B1-7D6F-3F40-A252-7A5947796804} = {2D9629B1-7D6F-3F40-A252-7A5947796804}
	EndProjectSection
EndProject
Project("{8BC9CEB8-8B4A-11D0-8D11-00A0C91BC942}") = "App_ExampleBrowser", "examples\ExampleBrowser\App_ExampleBrowser.vcxproj", "{A5B70615-E99B-35F6-A594-AAC12EF19D5D}"
	ProjectSection(ProjectDependencies) = postProject
		{E5EBBEC4-A52A-3D0F-A155-73D2545CBAA6} = {E5EBBEC4-A52A-3D0F-A155-73D2545CBAA6}
		{67CEFFAE-118F-3757-8B35-30F5B6EAE0CD} = {67CEFFAE-118F-3757-8B35-30F5B6EAE0CD}
		{5C975C5B-BA20-3D9A-A4B7-AFFAA930488B} = {5C975C5B-BA20-3D9A-A4B7-AFFAA930488B}
		{99ECD4E5-8CC7-3A67-B0B5-321E36077984} = {99ECD4E5-8CC7-3A67-B0B5-321E36077984}
		{39FD909D-4159-3799-ACB4-86206D5C513C} = {39FD909D-4159-3799-ACB4-86206D5C513C}
		{663B7516-DEAD-3364-A7CB-0C6944941F1A} = {663B7516-DEAD-3364-A7CB-0C6944941F1A}
		{AC30CD77-B5D0-3D42-9290-334DA0B5314C} = {AC30CD77-B5D0-3D42-9290-334DA0B5314C}
		{E47986AD-DBF4-3225-8681-5A50904BE431} = {E47986AD-DBF4-3225-8681-5A50904BE431}
		{2D9629B1-7D6F-3F40-A252-7A5947796804} = {2D9629B1-7D6F-3F40-A252-7A5947796804}
		{2FEB778B-063D-349C-BB53-9EA33CD9EE66} = {2FEB778B-063D-349C-BB53-9EA33CD9EE66}
	EndProjectSection
EndProject
Project("{8BC9CEB8-8B4A-11D0-8D11-00A0C91BC942}") = "App_HelloWorld", "examples\HelloWorld\App_HelloWorld.vcxproj", "{5BFF8904-C575-313F-9BFA-917D56F16B40}"
	ProjectSection(ProjectDependencies) = postProject
		{67CEFFAE-118F-3757-8B35-30F5B6EAE0CD} = {67CEFFAE-118F-3757-8B35-30F5B6EAE0CD}
		{5C975C5B-BA20-3D9A-A4B7-AFFAA930488B} = {5C975C5B-BA20-3D9A-A4B7-AFFAA930488B}
		{AC30CD77-B5D0-3D42-9290-334DA0B5314C} = {AC30CD77-B5D0-3D42-9290-334DA0B5314C}
		{2D9629B1-7D6F-3F40-A252-7A5947796804} = {2D9629B1-7D6F-3F40-A252-7A5947796804}
	EndProjectSection
EndProject
Project("{8BC9CEB8-8B4A-11D0-8D11-00A0C91BC942}") = "Bullet2FileLoader", "src\Bullet3Serialize\Bullet2FileLoader\Bullet2FileLoader.vcxproj", "{5B625793-7994-30A6-9426-BD73C499D054}"
	ProjectSection(ProjectDependencies) = postProject
		{2D9629B1-7D6F-3F40-A252-7A5947796804} = {2D9629B1-7D6F-3F40-A252-7A5947796804}
	EndProjectSection
EndProject
Project("{8BC9CEB8-8B4A-11D0-8D11-00A0C91BC942}") = "Bullet3Collision", "src\Bullet3Collision\Bullet3Collision.vcxproj", "{00A1FED9-3812-3586-9135-7F39E66720ED}"
	ProjectSection(ProjectDependencies) = postProject
		{2D9629B1-7D6F-3F40-A252-7A5947796804} = {2D9629B1-7D6F-3F40-A252-7A5947796804}
	EndProjectSection
EndProject
Project("{8BC9CEB8-8B4A-11D0-8D11-00A0C91BC942}") = "Bullet3Common", "src\Bullet3Common\Bullet3Common.vcxproj", "{E5EBBEC4-A52A-3D0F-A155-73D2545CBAA6}"
	ProjectSection(ProjectDependencies) = postProject
		{2D9629B1-7D6F-3F40-A252-7A5947796804} = {2D9629B1-7D6F-3F40-A252-7A5947796804}
	EndProjectSection
EndProject
Project("{8BC9CEB8-8B4A-11D0-8D11-00A0C91BC942}") = "Bullet3Dynamics", "src\Bullet3Dynamics\Bullet3Dynamics.vcxproj", "{8D5136AB-3F0E-35C5-906A-65C993F38A97}"
	ProjectSection(ProjectDependencies) = postProject
		{2D9629B1-7D6F-3F40-A252-7A5947796804} = {2D9629B1-7D6F-3F40-A252-7A5947796804}
	EndProjectSection
EndProject
Project("{8BC9CEB8-8B4A-11D0-8D11-00A0C91BC942}") = "Bullet3Geometry", "src\Bullet3Geometry\Bullet3Geometry.vcxproj", "{18ACFC55-C644-3BEE-BD1A-C99859F63D7F}"
	ProjectSection(ProjectDependencies) = postProject
		{2D9629B1-7D6F-3F40-A252-7A5947796804} = {2D9629B1-7D6F-3F40-A252-7A5947796804}
	EndProjectSection
EndProject
Project("{8BC9CEB8-8B4A-11D0-8D11-00A0C91BC942}") = "Bullet3OpenCL_clew", "src\Bullet3OpenCL\Bullet3OpenCL_clew.vcxproj", "{45552E13-CDB3-3B15-B0AD-F27314BE20BD}"
	ProjectSection(ProjectDependencies) = postProject
		{2D9629B1-7D6F-3F40-A252-7A5947796804} = {2D9629B1-7D6F-3F40-A252-7A5947796804}
	EndProjectSection
EndProject
Project("{8BC9CEB8-8B4A-11D0-8D11-00A0C91BC942}") = "BulletCollision", "src\BulletCollision\BulletCollision.vcxproj", "{67CEFFAE-118F-3757-8B35-30F5B6EAE0CD}"
	ProjectSection(ProjectDependencies) = postProject
		{2D9629B1-7D6F-3F40-A252-7A5947796804} = {2D9629B1-7D6F-3F40-A252-7A5947796804}
	EndProjectSection
EndProject
Project("{8BC9CEB8-8B4A-11D0-8D11-00A0C91BC942}") = "BulletDynamics", "src\BulletDynamics\BulletDynamics.vcxproj", "{5C975C5B-BA20-3D9A-A4B7-AFFAA930488B}"
	ProjectSection(ProjectDependencies) = postProject
		{2D9629B1-7D6F-3F40-A252-7A5947796804} = {2D9629B1-7D6F-3F40-A252-7A5947796804}
	EndProjectSection
EndProject
Project("{8BC9CEB8-8B4A-11D0-8D11-00A0C91BC942}") = "BulletFileLoader", "Extras\Serialize\BulletFileLoader\BulletFileLoader.vcxproj", "{1AEFCE1D-48E8-3657-8147-13C5A7968602}"
	ProjectSection(ProjectDependencies) = postProject
		{2D9629B1-7D6F-3F40-A252-7A5947796804} = {2D9629B1-7D6F-3F40-A252-7A5947796804}
	EndProjectSection
EndProject
Project("{8BC9CEB8-8B4A-11D0-8D11-00A0C91BC942}") = "BulletInverseDynamics", "src\BulletInverseDynamics\BulletInverseDynamics.vcxproj", "{99ECD4E5-8CC7-3A67-B0B5-321E36077984}"
	ProjectSection(ProjectDependencies) = postProject
		{2D9629B1-7D6F-3F40-A252-7A5947796804} = {2D9629B1-7D6F-3F40-A252-7A5947796804}
	EndProjectSection
EndProject
Project("{8BC9CEB8-8B4A-11D0-8D11-00A0C91BC942}") = "BulletInverseDynamicsUtils", "Extras\InverseDynamics\BulletInverseDynamicsUtils.vcxproj", "{39FD909D-4159-3799-ACB4-86206D5C513C}"
	ProjectSection(ProjectDependencies) = postProject
		{2D9629B1-7D6F-3F40-A252-7A5947796804} = {2D9629B1-7D6F-3F40-A252-7A5947796804}
	EndProjectSection
EndProject
Project("{8BC9CEB8-8B4A-11D0-8D11-00A0C91BC942}") = "BulletSoftBody", "src\BulletSoftBody\BulletSoftBody.vcxproj", "{663B7516-DEAD-3364-A7CB-0C6944941F1A}"
	ProjectSection(ProjectDependencies) = postProject
		{2D9629B1-7D6F-3F40-A252-7A5947796804} = {2D9629B1-7D6F-3F40-A252-7A5947796804}
	EndProjectSection
EndProject
Project("{8BC9CEB8-8B4A-11D0-8D11-00A0C91BC942}") = "BulletWorldImporter", "Extras\Serialize\BulletWorldImporter\BulletWorldImporter.vcxproj", "{5D40A85B-582F-3C74-A327-C7122018B79E}"
	ProjectSection(ProjectDependencies) = postProject
		{2D9629B1-7D6F-3F40-A252-7A5947796804} = {2D9629B1-7D6F-3F40-A252-7A5947796804}
	EndProjectSection
EndProject
Project("{8BC9CEB8-8B4A-11D0-8D11-00A0C91BC942}") = "BulletXmlWorldImporter", "Extras\Serialize\BulletXmlWorldImporter\BulletXmlWorldImporter.vcxproj", "{083947F6-89ED-3226-B3AC-AC70AE9AA12B}"
	ProjectSection(ProjectDependencies) = postProject
		{2D9629B1-7D6F-3F40-A252-7A5947796804} = {2D9629B1-7D6F-3F40-A252-7A5947796804}
	EndProjectSection
EndProject
Project("{8BC9CEB8-8B4A-11D0-8D11-00A0C91BC942}") = "ConvexDecomposition", "Extras\ConvexDecomposition\ConvexDecomposition.vcxproj", "{C27D4F31-275E-31EF-848F-01CAC757F149}"
	ProjectSection(ProjectDependencies) = postProject
		{2D9629B1-7D6F-3F40-A252-7A5947796804} = {2D9629B1-7D6F-3F40-A252-7A5947796804}
	EndProjectSection
EndProject
Project("{8BC9CEB8-8B4A-11D0-8D11-00A0C91BC942}") = "GIMPACTUtils", "Extras\GIMPACTUtils\GIMPACTUtils.vcxproj", "{B6F28FFD-151C-3E67-90DE-69F6CE086872}"
	ProjectSection(ProjectDependencies) = postProject
		{2D9629B1-7D6F-3F40-A252-7A5947796804} = {2D9629B1-7D6F-3F40-A252-7A5947796804}
	EndProjectSection
EndProject
Project("{8BC9CEB8-8B4A-11D0-8D11-00A0C91BC942}") = "HACD", "Extras\HACD\HACD.vcxproj", "{C4B3C46F-5337-3A7D-B6CF-31BC99A88232}"
	ProjectSection(ProjectDependencies) = postProject
		{2D9629B1-7D6F-3F40-A252-7A5947796804} = {2D9629B1-7D6F-3F40-A252-7A5947796804}
	EndProjectSection
EndProject
Project("{8BC9CEB8-8B4A-11D0-8D11-00A0C91BC942}") = "INSTALL", "INSTALL.vcxproj", "{ABD4EBD0-0A68-33AE-AE8E-D0A12523D3F2}"
	ProjectSection(ProjectDependencies) = postProject
		{72A3C5A6-A069-3DEA-9F95-D58D0E41A4B5} = {72A3C5A6-A069-3DEA-9F95-D58D0E41A4B5}
		{2D9629B1-7D6F-3F40-A252-7A5947796804} = {2D9629B1-7D6F-3F40-A252-7A5947796804}
	EndProjectSection
EndProject
Project("{8BC9CEB8-8B4A-11D0-8D11-00A0C91BC942}") = "LinearMath", "src\LinearMath\LinearMath.vcxproj", "{AC30CD77-B5D0-3D42-9290-334DA0B5314C}"
	ProjectSection(ProjectDependencies) = postProject
		{2D9629B1-7D6F-3F40-A252-7A5947796804} = {2D9629B1-7D6F-3F40-A252-7A5947796804}
	EndProjectSection
EndProject
Project("{8BC9CEB8-8B4A-11D0-8D11-00A0C91BC942}") = "OpenGLWindow", "examples\OpenGLWindow\OpenGLWindow.vcxproj", "{E47986AD-DBF4-3225-8681-5A50904BE431}"
	ProjectSection(ProjectDependencies) = postProject
		{2D9629B1-7D6F-3F40-A252-7A5947796804} = {2D9629B1-7D6F-3F40-A252-7A5947796804}
	EndProjectSection
EndProject
Project("{8BC9CEB8-8B4A-11D0-8D11-00A0C91BC942}") = "RUN_TESTS", "RUN_TESTS.vcxproj", "{D1A9A1AE-17CA-32A8-816E-754A4A21DA02}"
	ProjectSection(ProjectDependencies) = postProject
		{2D9629B1-7D6F-3F40-A252-7A5947796804} = {2D9629B1-7D6F-3F40-A252-7A5947796804}
	EndProjectSection
EndProject
Project("{8BC9CEB8-8B4A-11D0-8D11-00A0C91BC942}") = "Test_BulletDynamics", "test\BulletDynamics\pendulum\Test_BulletDynamics.vcxproj", "{C3174030-18C6-3EC3-AAC1-DDC49326D952}"
	ProjectSection(ProjectDependencies) = postProject
		{67CEFFAE-118F-3757-8B35-30F5B6EAE0CD} = {67CEFFAE-118F-3757-8B35-30F5B6EAE0CD}
		{5C975C5B-BA20-3D9A-A4B7-AFFAA930488B} = {5C975C5B-BA20-3D9A-A4B7-AFFAA930488B}
		{AC30CD77-B5D0-3D42-9290-334DA0B5314C} = {AC30CD77-B5D0-3D42-9290-334DA0B5314C}
		{2D9629B1-7D6F-3F40-A252-7A5947796804} = {2D9629B1-7D6F-3F40-A252-7A5947796804}
		{6659B8A8-E854-3713-A3AF-FDB7F4799426} = {6659B8A8-E854-3713-A3AF-FDB7F4799426}
	EndProjectSection
EndProject
Project("{8BC9CEB8-8B4A-11D0-8D11-00A0C91BC942}") = "Test_BulletInverseDynamics", "test\InverseDynamics\Test_BulletInverseDynamics.vcxproj", "{1249B6A5-1184-3EB1-98CF-F1F602C99A02}"
	ProjectSection(ProjectDependencies) = postProject
		{E5EBBEC4-A52A-3D0F-A155-73D2545CBAA6} = {E5EBBEC4-A52A-3D0F-A155-73D2545CBAA6}
		{99ECD4E5-8CC7-3A67-B0B5-321E36077984} = {99ECD4E5-8CC7-3A67-B0B5-321E36077984}
		{39FD909D-4159-3799-ACB4-86206D5C513C} = {39FD909D-4159-3799-ACB4-86206D5C513C}
		{AC30CD77-B5D0-3D42-9290-334DA0B5314C} = {AC30CD77-B5D0-3D42-9290-334DA0B5314C}
		{2D9629B1-7D6F-3F40-A252-7A5947796804} = {2D9629B1-7D6F-3F40-A252-7A5947796804}
		{6659B8A8-E854-3713-A3AF-FDB7F4799426} = {6659B8A8-E854-3713-A3AF-FDB7F4799426}
	EndProjectSection
EndProject
Project("{8BC9CEB8-8B4A-11D0-8D11-00A0C91BC942}") = "Test_Collision", "test\collision\Test_Collision.vcxproj", "{EAC80309-3521-374D-A5D1-3EB4DEB23C69}"
	ProjectSection(ProjectDependencies) = postProject
		{AC30CD77-B5D0-3D42-9290-334DA0B5314C} = {AC30CD77-B5D0-3D42-9290-334DA0B5314C}
		{2D9629B1-7D6F-3F40-A252-7A5947796804} = {2D9629B1-7D6F-3F40-A252-7A5947796804}
		{6659B8A8-E854-3713-A3AF-FDB7F4799426} = {6659B8A8-E854-3713-A3AF-FDB7F4799426}
	EndProjectSection
EndProject
Project("{8BC9CEB8-8B4A-11D0-8D11-00A0C91BC942}") = "ZERO_CHECK", "ZERO_CHECK.vcxproj", "{2D9629B1-7D6F-3F40-A252-7A5947796804}"
	ProjectSection(ProjectDependencies) = postProject
	EndProjectSection
EndProject
Project("{8BC9CEB8-8B4A-11D0-8D11-00A0C91BC942}") = "gtest", "test\gtest-1.7.0\gtest.vcxproj", "{6659B8A8-E854-3713-A3AF-FDB7F4799426}"
	ProjectSection(ProjectDependencies) = postProject
		{2D9629B1-7D6F-3F40-A252-7A5947796804} = {2D9629B1-7D6F-3F40-A252-7A5947796804}
	EndProjectSection
EndProject
Project("{8BC9CEB8-8B4A-11D0-8D11-00A0C91BC942}") = "gwen", "examples\ThirdPartyLibs\Gwen\gwen.vcxproj", "{2FEB778B-063D-349C-BB53-9EA33CD9EE66}"
	ProjectSection(ProjectDependencies) = postProject
		{2D9629B1-7D6F-3F40-A252-7A5947796804} = {2D9629B1-7D6F-3F40-A252-7A5947796804}
	EndProjectSection
EndProject
Global
	GlobalSection(SolutionConfigurationPlatforms) = preSolution
		Debug|Win32 = Debug|Win32
		Release|Win32 = Release|Win32
		MinSizeRel|Win32 = MinSizeRel|Win32
		RelWithDebInfo|Win32 = RelWithDebInfo|Win32
	EndGlobalSection
	GlobalSection(ProjectConfigurationPlatforms) = postSolution
		{72A3C5A6-A069-3DEA-9F95-D58D0E41A4B5}.Debug|Win32.ActiveCfg = Debug|Win32
		{72A3C5A6-A069-3DEA-9F95-D58D0E41A4B5}.Debug|Win32.Build.0 = Debug|Win32
		{72A3C5A6-A069-3DEA-9F95-D58D0E41A4B5}.Release|Win32.ActiveCfg = Release|Win32
		{72A3C5A6-A069-3DEA-9F95-D58D0E41A4B5}.Release|Win32.Build.0 = Release|Win32
		{72A3C5A6-A069-3DEA-9F95-D58D0E41A4B5}.MinSizeRel|Win32.ActiveCfg = MinSizeRel|Win32
		{72A3C5A6-A069-3DEA-9F95-D58D0E41A4B5}.MinSizeRel|Win32.Build.0 = MinSizeRel|Win32
		{72A3C5A6-A069-3DEA-9F95-D58D0E41A4B5}.RelWithDebInfo|Win32.ActiveCfg = RelWithDebInfo|Win32
		{72A3C5A6-A069-3DEA-9F95-D58D0E41A4B5}.RelWithDebInfo|Win32.Build.0 = RelWithDebInfo|Win32
		{AB572832-AA62-3981-B587-530F7D0B9182}.Debug|Win32.ActiveCfg = Debug|Win32
		{AB572832-AA62-3981-B587-530F7D0B9182}.Debug|Win32.Build.0 = Debug|Win32
		{AB572832-AA62-3981-B587-530F7D0B9182}.Release|Win32.ActiveCfg = Release|Win32
		{AB572832-AA62-3981-B587-530F7D0B9182}.Release|Win32.Build.0 = Release|Win32
		{AB572832-AA62-3981-B587-530F7D0B9182}.MinSizeRel|Win32.ActiveCfg = MinSizeRel|Win32
		{AB572832-AA62-3981-B587-530F7D0B9182}.MinSizeRel|Win32.Build.0 = MinSizeRel|Win32
		{AB572832-AA62-3981-B587-530F7D0B9182}.RelWithDebInfo|Win32.ActiveCfg = RelWithDebInfo|Win32
		{AB572832-AA62-3981-B587-530F7D0B9182}.RelWithDebInfo|Win32.Build.0 = RelWithDebInfo|Win32
		{A5B70615-E99B-35F6-A594-AAC12EF19D5D}.Debug|Win32.ActiveCfg = Debug|Win32
		{A5B70615-E99B-35F6-A594-AAC12EF19D5D}.Debug|Win32.Build.0 = Debug|Win32
		{A5B70615-E99B-35F6-A594-AAC12EF19D5D}.Release|Win32.ActiveCfg = Release|Win32
		{A5B70615-E99B-35F6-A594-AAC12EF19D5D}.Release|Win32.Build.0 = Release|Win32
		{A5B70615-E99B-35F6-A594-AAC12EF19D5D}.MinSizeRel|Win32.ActiveCfg = MinSizeRel|Win32
		{A5B70615-E99B-35F6-A594-AAC12EF19D5D}.MinSizeRel|Win32.Build.0 = MinSizeRel|Win32
		{A5B70615-E99B-35F6-A594-AAC12EF19D5D}.RelWithDebInfo|Win32.ActiveCfg = RelWithDebInfo|Win32
		{A5B70615-E99B-35F6-A594-AAC12EF19D5D}.RelWithDebInfo|Win32.Build.0 = RelWithDebInfo|Win32
		{5BFF8904-C575-313F-9BFA-917D56F16B40}.Debug|Win32.ActiveCfg = Debug|Win32
		{5BFF8904-C575-313F-9BFA-917D56F16B40}.Debug|Win32.Build.0 = Debug|Win32
		{5BFF8904-C575-313F-9BFA-917D56F16B40}.Release|Win32.ActiveCfg = Release|Win32
		{5BFF8904-C575-313F-9BFA-917D56F16B40}.Release|Win32.Build.0 = Release|Win32
		{5BFF8904-C575-313F-9BFA-917D56F16B40}.MinSizeRel|Win32.ActiveCfg = MinSizeRel|Win32
		{5BFF8904-C575-313F-9BFA-917D56F16B40}.MinSizeRel|Win32.Build.0 = MinSizeRel|Win32
		{5BFF8904-C575-313F-9BFA-917D56F16B40}.RelWithDebInfo|Win32.ActiveCfg = RelWithDebInfo|Win32
		{5BFF8904-C575-313F-9BFA-917D56F16B40}.RelWithDebInfo|Win32.Build.0 = RelWithDebInfo|Win32
		{5B625793-7994-30A6-9426-BD73C499D054}.Debug|Win32.ActiveCfg = Debug|Win32
		{5B625793-7994-30A6-9426-BD73C499D054}.Debug|Win32.Build.0 = Debug|Win32
		{5B625793-7994-30A6-9426-BD73C499D054}.Release|Win32.ActiveCfg = Release|Win32
		{5B625793-7994-30A6-9426-BD73C499D054}.Release|Win32.Build.0 = Release|Win32
		{5B625793-7994-30A6-9426-BD73C499D054}.MinSizeRel|Win32.ActiveCfg = MinSizeRel|Win32
		{5B625793-7994-30A6-9426-BD73C499D054}.MinSizeRel|Win32.Build.0 = MinSizeRel|Win32
		{5B625793-7994-30A6-9426-BD73C499D054}.RelWithDebInfo|Win32.ActiveCfg = RelWithDebInfo|Win32
		{5B625793-7994-30A6-9426-BD73C499D054}.RelWithDebInfo|Win32.Build.0 = RelWithDebInfo|Win32
		{00A1FED9-3812-3586-9135-7F39E66720ED}.Debug|Win32.ActiveCfg = Debug|Win32
		{00A1FED9-3812-3586-9135-7F39E66720ED}.Debug|Win32.Build.0 = Debug|Win32
		{00A1FED9-3812-3586-9135-7F39E66720ED}.Release|Win32.ActiveCfg = Release|Win32
		{00A1FED9-3812-3586-9135-7F39E66720ED}.Release|Win32.Build.0 = Release|Win32
		{00A1FED9-3812-3586-9135-7F39E66720ED}.MinSizeRel|Win32.ActiveCfg = MinSizeRel|Win32
		{00A1FED9-3812-3586-9135-7F39E66720ED}.MinSizeRel|Win32.Build.0 = MinSizeRel|Win32
		{00A1FED9-3812-3586-9135-7F39E66720ED}.RelWithDebInfo|Win32.ActiveCfg = RelWithDebInfo|Win32
		{00A1FED9-3812-3586-9135-7F39E66720ED}.RelWithDebInfo|Win32.Build.0 = RelWithDebInfo|Win32
		{E5EBBEC4-A52A-3D0F-A155-73D2545CBAA6}.Debug|Win32.ActiveCfg = Debug|Win32
		{E5EBBEC4-A52A-3D0F-A155-73D2545CBAA6}.Debug|Win32.Build.0 = Debug|Win32
		{E5EBBEC4-A52A-3D0F-A155-73D2545CBAA6}.Release|Win32.ActiveCfg = Release|Win32
		{E5EBBEC4-A52A-3D0F-A155-73D2545CBAA6}.Release|Win32.Build.0 = Release|Win32
		{E5EBBEC4-A52A-3D0F-A155-73D2545CBAA6}.MinSizeRel|Win32.ActiveCfg = MinSizeRel|Win32
		{E5EBBEC4-A52A-3D0F-A155-73D2545CBAA6}.MinSizeRel|Win32.Build.0 = MinSizeRel|Win32
		{E5EBBEC4-A52A-3D0F-A155-73D2545CBAA6}.RelWithDebInfo|Win32.ActiveCfg = RelWithDebInfo|Win32
		{E5EBBEC4-A52A-3D0F-A155-73D2545CBAA6}.RelWithDebInfo|Win32.Build.0 = RelWithDebInfo|Win32
		{8D5136AB-3F0E-35C5-906A-65C993F38A97}.Debug|Win32.ActiveCfg = Debug|Win32
		{8D5136AB-3F0E-35C5-906A-65C993F38A97}.Debug|Win32.Build.0 = Debug|Win32
		{8D5136AB-3F0E-35C5-906A-65C993F38A97}.Release|Win32.ActiveCfg = Release|Win32
		{8D5136AB-3F0E-35C5-906A-65C993F38A97}.Release|Win32.Build.0 = Release|Win32
		{8D5136AB-3F0E-35C5-906A-65C993F38A97}.MinSizeRel|Win32.ActiveCfg = MinSizeRel|Win32
		{8D5136AB-3F0E-35C5-906A-65C993F38A97}.MinSizeRel|Win32.Build.0 = MinSizeRel|Win32
		{8D5136AB-3F0E-35C5-906A-65C993F38A97}.RelWithDebInfo|Win32.ActiveCfg = RelWithDebInfo|Win32
		{8D5136AB-3F0E-35C5-906A-65C993F38A97}.RelWithDebInfo|Win32.Build.0 = RelWithDebInfo|Win32
		{18ACFC55-C644-3BEE-BD1A-C99859F63D7F}.Debug|Win32.ActiveCfg = Debug|Win32
		{18ACFC55-C644-3BEE-BD1A-C99859F63D7F}.Debug|Win32.Build.0 = Debug|Win32
		{18ACFC55-C644-3BEE-BD1A-C99859F63D7F}.Release|Win32.ActiveCfg = Release|Win32
		{18ACFC55-C644-3BEE-BD1A-C99859F63D7F}.Release|Win32.Build.0 = Release|Win32
		{18ACFC55-C644-3BEE-BD1A-C99859F63D7F}.MinSizeRel|Win32.ActiveCfg = MinSizeRel|Win32
		{18ACFC55-C644-3BEE-BD1A-C99859F63D7F}.MinSizeRel|Win32.Build.0 = MinSizeRel|Win32
		{18ACFC55-C644-3BEE-BD1A-C99859F63D7F}.RelWithDebInfo|Win32.ActiveCfg = RelWithDebInfo|Win32
		{18ACFC55-C644-3BEE-BD1A-C99859F63D7F}.RelWithDebInfo|Win32.Build.0 = RelWithDebInfo|Win32
		{45552E13-CDB3-3B15-B0AD-F27314BE20BD}.Debug|Win32.ActiveCfg = Debug|Win32
		{45552E13-CDB3-3B15-B0AD-F27314BE20BD}.Debug|Win32.Build.0 = Debug|Win32
		{45552E13-CDB3-3B15-B0AD-F27314BE20BD}.Release|Win32.ActiveCfg = Release|Win32
		{45552E13-CDB3-3B15-B0AD-F27314BE20BD}.Release|Win32.Build.0 = Release|Win32
		{45552E13-CDB3-3B15-B0AD-F27314BE20BD}.MinSizeRel|Win32.ActiveCfg = MinSizeRel|Win32
		{45552E13-CDB3-3B15-B0AD-F27314BE20BD}.MinSizeRel|Win32.Build.0 = MinSizeRel|Win32
		{45552E13-CDB3-3B15-B0AD-F27314BE20BD}.RelWithDebInfo|Win32.ActiveCfg = RelWithDebInfo|Win32
		{45552E13-CDB3-3B15-B0AD-F27314BE20BD}.RelWithDebInfo|Win32.Build.0 = RelWithDebInfo|Win32
		{67CEFFAE-118F-3757-8B35-30F5B6EAE0CD}.Debug|Win32.ActiveCfg = Debug|Win32
		{67CEFFAE-118F-3757-8B35-30F5B6EAE0CD}.Debug|Win32.Build.0 = Debug|Win32
		{67CEFFAE-118F-3757-8B35-30F5B6EAE0CD}.Release|Win32.ActiveCfg = Release|Win32
		{67CEFFAE-118F-3757-8B35-30F5B6EAE0CD}.Release|Win32.Build.0 = Release|Win32
		{67CEFFAE-118F-3757-8B35-30F5B6EAE0CD}.MinSizeRel|Win32.ActiveCfg = MinSizeRel|Win32
		{67CEFFAE-118F-3757-8B35-30F5B6EAE0CD}.MinSizeRel|Win32.Build.0 = MinSizeRel|Win32
		{67CEFFAE-118F-3757-8B35-30F5B6EAE0CD}.RelWithDebInfo|Win32.ActiveCfg = RelWithDebInfo|Win32
		{67CEFFAE-118F-3757-8B35-30F5B6EAE0CD}.RelWithDebInfo|Win32.Build.0 = RelWithDebInfo|Win32
		{5C975C5B-BA20-3D9A-A4B7-AFFAA930488B}.Debug|Win32.ActiveCfg = Debug|Win32
		{5C975C5B-BA20-3D9A-A4B7-AFFAA930488B}.Debug|Win32.Build.0 = Debug|Win32
		{5C975C5B-BA20-3D9A-A4B7-AFFAA930488B}.Release|Win32.ActiveCfg = Release|Win32
		{5C975C5B-BA20-3D9A-A4B7-AFFAA930488B}.Release|Win32.Build.0 = Release|Win32
		{5C975C5B-BA20-3D9A-A4B7-AFFAA930488B}.MinSizeRel|Win32.ActiveCfg = MinSizeRel|Win32
		{5C975C5B-BA20-3D9A-A4B7-AFFAA930488B}.MinSizeRel|Win32.Build.0 = MinSizeRel|Win32
		{5C975C5B-BA20-3D9A-A4B7-AFFAA930488B}.RelWithDebInfo|Win32.ActiveCfg = RelWithDebInfo|Win32
		{5C975C5B-BA20-3D9A-A4B7-AFFAA930488B}.RelWithDebInfo|Win32.Build.0 = RelWithDebInfo|Win32
		{1AEFCE1D-48E8-3657-8147-13C5A7968602}.Debug|Win32.ActiveCfg = Debug|Win32
		{1AEFCE1D-48E8-3657-8147-13C5A7968602}.Debug|Win32.Build.0 = Debug|Win32
		{1AEFCE1D-48E8-3657-8147-13C5A7968602}.Release|Win32.ActiveCfg = Release|Win32
		{1AEFCE1D-48E8-3657-8147-13C5A7968602}.Release|Win32.Build.0 = Release|Win32
		{1AEFCE1D-48E8-3657-8147-13C5A7968602}.MinSizeRel|Win32.ActiveCfg = MinSizeRel|Win32
		{1AEFCE1D-48E8-3657-8147-13C5A7968602}.MinSizeRel|Win32.Build.0 = MinSizeRel|Win32
		{1AEFCE1D-48E8-3657-8147-13C5A7968602}.RelWithDebInfo|Win32.ActiveCfg = RelWithDebInfo|Win32
		{1AEFCE1D-48E8-3657-8147-13C5A7968602}.RelWithDebInfo|Win32.Build.0 = RelWithDebInfo|Win32
		{99ECD4E5-8CC7-3A67-B0B5-321E36077984}.Debug|Win32.ActiveCfg = Debug|Win32
		{99ECD4E5-8CC7-3A67-B0B5-321E36077984}.Debug|Win32.Build.0 = Debug|Win32
		{99ECD4E5-8CC7-3A67-B0B5-321E36077984}.Release|Win32.ActiveCfg = Release|Win32
		{99ECD4E5-8CC7-3A67-B0B5-321E36077984}.Release|Win32.Build.0 = Release|Win32
		{99ECD4E5-8CC7-3A67-B0B5-321E36077984}.MinSizeRel|Win32.ActiveCfg = MinSizeRel|Win32
		{99ECD4E5-8CC7-3A67-B0B5-321E36077984}.MinSizeRel|Win32.Build.0 = MinSizeRel|Win32
		{99ECD4E5-8CC7-3A67-B0B5-321E36077984}.RelWithDebInfo|Win32.ActiveCfg = RelWithDebInfo|Win32
		{99ECD4E5-8CC7-3A67-B0B5-321E36077984}.RelWithDebInfo|Win32.Build.0 = RelWithDebInfo|Win32
		{39FD909D-4159-3799-ACB4-86206D5C513C}.Debug|Win32.ActiveCfg = Debug|Win32
		{39FD909D-4159-3799-ACB4-86206D5C513C}.Debug|Win32.Build.0 = Debug|Win32
		{39FD909D-4159-3799-ACB4-86206D5C513C}.Release|Win32.ActiveCfg = Release|Win32
		{39FD909D-4159-3799-ACB4-86206D5C513C}.Release|Win32.Build.0 = Release|Win32
		{39FD909D-4159-3799-ACB4-86206D5C513C}.MinSizeRel|Win32.ActiveCfg = MinSizeRel|Win32
		{39FD909D-4159-3799-ACB4-86206D5C513C}.MinSizeRel|Win32.Build.0 = MinSizeRel|Win32
		{39FD909D-4159-3799-ACB4-86206D5C513C}.RelWithDebInfo|Win32.ActiveCfg = RelWithDebInfo|Win32
		{39FD909D-4159-3799-ACB4-86206D5C513C}.RelWithDebInfo|Win32.Build.0 = RelWithDebInfo|Win32
		{663B7516-DEAD-3364-A7CB-0C6944941F1A}.Debug|Win32.ActiveCfg = Debug|Win32
		{663B7516-DEAD-3364-A7CB-0C6944941F1A}.Debug|Win32.Build.0 = Debug|Win32
		{663B7516-DEAD-3364-A7CB-0C6944941F1A}.Release|Win32.ActiveCfg = Release|Win32
		{663B7516-DEAD-3364-A7CB-0C6944941F1A}.Release|Win32.Build.0 = Release|Win32
		{663B7516-DEAD-3364-A7CB-0C6944941F1A}.MinSizeRel|Win32.ActiveCfg = MinSizeRel|Win32
		{663B7516-DEAD-3364-A7CB-0C6944941F1A}.MinSizeRel|Win32.Build.0 = MinSizeRel|Win32
		{663B7516-DEAD-3364-A7CB-0C6944941F1A}.RelWithDebInfo|Win32.ActiveCfg = RelWithDebInfo|Win32
		{663B7516-DEAD-3364-A7CB-0C6944941F1A}.RelWithDebInfo|Win32.Build.0 = RelWithDebInfo|Win32
		{5D40A85B-582F-3C74-A327-C7122018B79E}.Debug|Win32.ActiveCfg = Debug|Win32
		{5D40A85B-582F-3C74-A327-C7122018B79E}.Debug|Win32.Build.0 = Debug|Win32
		{5D40A85B-582F-3C74-A327-C7122018B79E}.Release|Win32.ActiveCfg = Release|Win32
		{5D40A85B-582F-3C74-A327-C7122018B79E}.Release|Win32.Build.0 = Release|Win32
		{5D40A85B-582F-3C74-A327-C7122018B79E}.MinSizeRel|Win32.ActiveCfg = MinSizeRel|Win32
		{5D40A85B-582F-3C74-A327-C7122018B79E}.MinSizeRel|Win32.Build.0 = MinSizeRel|Win32
		{5D40A85B-582F-3C74-A327-C7122018B79E}.RelWithDebInfo|Win32.ActiveCfg = RelWithDebInfo|Win32
		{5D40A85B-582F-3C74-A327-C7122018B79E}.RelWithDebInfo|Win32.Build.0 = RelWithDebInfo|Win32
		{083947F6-89ED-3226-B3AC-AC70AE9AA12B}.Debug|Win32.ActiveCfg = Debug|Win32
		{083947F6-89ED-3226-B3AC-AC70AE9AA12B}.Debug|Win32.Build.0 = Debug|Win32
		{083947F6-89ED-3226-B3AC-AC70AE9AA12B}.Release|Win32.ActiveCfg = Release|Win32
		{083947F6-89ED-3226-B3AC-AC70AE9AA12B}.Release|Win32.Build.0 = Release|Win32
		{083947F6-89ED-3226-B3AC-AC70AE9AA12B}.MinSizeRel|Win32.ActiveCfg = MinSizeRel|Win32
		{083947F6-89ED-3226-B3AC-AC70AE9AA12B}.MinSizeRel|Win32.Build.0 = MinSizeRel|Win32
		{083947F6-89ED-3226-B3AC-AC70AE9AA12B}.RelWithDebInfo|Win32.ActiveCfg = RelWithDebInfo|Win32
		{083947F6-89ED-3226-B3AC-AC70AE9AA12B}.RelWithDebInfo|Win32.Build.0 = RelWithDebInfo|Win32
		{C27D4F31-275E-31EF-848F-01CAC757F149}.Debug|Win32.ActiveCfg = Debug|Win32
		{C27D4F31-275E-31EF-848F-01CAC757F149}.Debug|Win32.Build.0 = Debug|Win32
		{C27D4F31-275E-31EF-848F-01CAC757F149}.Release|Win32.ActiveCfg = Release|Win32
		{C27D4F31-275E-31EF-848F-01CAC757F149}.Release|Win32.Build.0 = Release|Win32
		{C27D4F31-275E-31EF-848F-01CAC757F149}.MinSizeRel|Win32.ActiveCfg = MinSizeRel|Win32
		{C27D4F31-275E-31EF-848F-01CAC757F149}.MinSizeRel|Win32.Build.0 = MinSizeRel|Win32
		{C27D4F31-275E-31EF-848F-01CAC757F149}.RelWithDebInfo|Win32.ActiveCfg = RelWithDebInfo|Win32
		{C27D4F31-275E-31EF-848F-01CAC757F149}.RelWithDebInfo|Win32.Build.0 = RelWithDebInfo|Win32
		{B6F28FFD-151C-3E67-90DE-69F6CE086872}.Debug|Win32.ActiveCfg = Debug|Win32
		{B6F28FFD-151C-3E67-90DE-69F6CE086872}.Debug|Win32.Build.0 = Debug|Win32
		{B6F28FFD-151C-3E67-90DE-69F6CE086872}.Release|Win32.ActiveCfg = Release|Win32
		{B6F28FFD-151C-3E67-90DE-69F6CE086872}.Release|Win32.Build.0 = Release|Win32
		{B6F28FFD-151C-3E67-90DE-69F6CE086872}.MinSizeRel|Win32.ActiveCfg = MinSizeRel|Win32
		{B6F28FFD-151C-3E67-90DE-69F6CE086872}.MinSizeRel|Win32.Build.0 = MinSizeRel|Win32
		{B6F28FFD-151C-3E67-90DE-69F6CE086872}.RelWithDebInfo|Win32.ActiveCfg = RelWithDebInfo|Win32
		{B6F28FFD-151C-3E67-90DE-69F6CE086872}.RelWithDebInfo|Win32.Build.0 = RelWithDebInfo|Win32
		{C4B3C46F-5337-3A7D-B6CF-31BC99A88232}.Debug|Win32.ActiveCfg = Debug|Win32
		{C4B3C46F-5337-3A7D-B6CF-31BC99A88232}.Debug|Win32.Build.0 = Debug|Win32
		{C4B3C46F-5337-3A7D-B6CF-31BC99A88232}.Release|Win32.ActiveCfg = Release|Win32
		{C4B3C46F-5337-3A7D-B6CF-31BC99A88232}.Release|Win32.Build.0 = Release|Win32
		{C4B3C46F-5337-3A7D-B6CF-31BC99A88232}.MinSizeRel|Win32.ActiveCfg = MinSizeRel|Win32
		{C4B3C46F-5337-3A7D-B6CF-31BC99A88232}.MinSizeRel|Win32.Build.0 = MinSizeRel|Win32
		{C4B3C46F-5337-3A7D-B6CF-31BC99A88232}.RelWithDebInfo|Win32.ActiveCfg = RelWithDebInfo|Win32
		{C4B3C46F-5337-3A7D-B6CF-31BC99A88232}.RelWithDebInfo|Win32.Build.0 = RelWithDebInfo|Win32
		{ABD4EBD0-0A68-33AE-AE8E-D0A12523D3F2}.Debug|Win32.ActiveCfg = Debug|Win32
		{ABD4EBD0-0A68-33AE-AE8E-D0A12523D3F2}.Release|Win32.ActiveCfg = Release|Win32
		{ABD4EBD0-0A68-33AE-AE8E-D0A12523D3F2}.MinSizeRel|Win32.ActiveCfg = MinSizeRel|Win32
		{ABD4EBD0-0A68-33AE-AE8E-D0A12523D3F2}.RelWithDebInfo|Win32.ActiveCfg = RelWithDebInfo|Win32
		{AC30CD77-B5D0-3D42-9290-334DA0B5314C}.Debug|Win32.ActiveCfg = Debug|Win32
		{AC30CD77-B5D0-3D42-9290-334DA0B5314C}.Debug|Win32.Build.0 = Debug|Win32
		{AC30CD77-B5D0-3D42-9290-334DA0B5314C}.Release|Win32.ActiveCfg = Release|Win32
		{AC30CD77-B5D0-3D42-9290-334DA0B5314C}.Release|Win32.Build.0 = Release|Win32
		{AC30CD77-B5D0-3D42-9290-334DA0B5314C}.MinSizeRel|Win32.ActiveCfg = MinSizeRel|Win32
		{AC30CD77-B5D0-3D42-9290-334DA0B5314C}.MinSizeRel|Win32.Build.0 = MinSizeRel|Win32
		{AC30CD77-B5D0-3D42-9290-334DA0B5314C}.RelWithDebInfo|Win32.ActiveCfg = RelWithDebInfo|Win32
		{AC30CD77-B5D0-3D42-9290-334DA0B5314C}.RelWithDebInfo|Win32.Build.0 = RelWithDebInfo|Win32
		{E47986AD-DBF4-3225-8681-5A50904BE431}.Debug|Win32.ActiveCfg = Debug|Win32
		{E47986AD-DBF4-3225-8681-5A50904BE431}.Debug|Win32.Build.0 = Debug|Win32
		{E47986AD-DBF4-3225-8681-5A50904BE431}.Release|Win32.ActiveCfg = Release|Win32
		{E47986AD-DBF4-3225-8681-5A50904BE431}.Release|Win32.Build.0 = Release|Win32
		{E47986AD-DBF4-3225-8681-5A50904BE431}.MinSizeRel|Win32.ActiveCfg = MinSizeRel|Win32
		{E47986AD-DBF4-3225-8681-5A50904BE431}.MinSizeRel|Win32.Build.0 = MinSizeRel|Win32
		{E47986AD-DBF4-3225-8681-5A50904BE431}.RelWithDebInfo|Win32.ActiveCfg = RelWithDebInfo|Win32
		{E47986AD-DBF4-3225-8681-5A50904BE431}.RelWithDebInfo|Win32.Build.0 = RelWithDebInfo|Win32
		{D1A9A1AE-17CA-32A8-816E-754A4A21DA02}.Debug|Win32.ActiveCfg = Debug|Win32
		{D1A9A1AE-17CA-32A8-816E-754A4A21DA02}.Release|Win32.ActiveCfg = Release|Win32
		{D1A9A1AE-17CA-32A8-816E-754A4A21DA02}.MinSizeRel|Win32.ActiveCfg = MinSizeRel|Win32
		{D1A9A1AE-17CA-32A8-816E-754A4A21DA02}.RelWithDebInfo|Win32.ActiveCfg = RelWithDebInfo|Win32
		{C3174030-18C6-3EC3-AAC1-DDC49326D952}.Debug|Win32.ActiveCfg = Debug|Win32
		{C3174030-18C6-3EC3-AAC1-DDC49326D952}.Debug|Win32.Build.0 = Debug|Win32
		{C3174030-18C6-3EC3-AAC1-DDC49326D952}.Release|Win32.ActiveCfg = Release|Win32
		{C3174030-18C6-3EC3-AAC1-DDC49326D952}.Release|Win32.Build.0 = Release|Win32
		{C3174030-18C6-3EC3-AAC1-DDC49326D952}.MinSizeRel|Win32.ActiveCfg = MinSizeRel|Win32
		{C3174030-18C6-3EC3-AAC1-DDC49326D952}.MinSizeRel|Win32.Build.0 = MinSizeRel|Win32
		{C3174030-18C6-3EC3-AAC1-DDC49326D952}.RelWithDebInfo|Win32.ActiveCfg = RelWithDebInfo|Win32
		{C3174030-18C6-3EC3-AAC1-DDC49326D952}.RelWithDebInfo|Win32.Build.0 = RelWithDebInfo|Win32
		{1249B6A5-1184-3EB1-98CF-F1F602C99A02}.Debug|Win32.ActiveCfg = Debug|Win32
		{1249B6A5-1184-3EB1-98CF-F1F602C99A02}.Debug|Win32.Build.0 = Debug|Win32
		{1249B6A5-1184-3EB1-98CF-F1F602C99A02}.Release|Win32.ActiveCfg = Release|Win32
		{1249B6A5-1184-3EB1-98CF-F1F602C99A02}.Release|Win32.Build.0 = Release|Win32
		{1249B6A5-1184-3EB1-98CF-F1F602C99A02}.MinSizeRel|Win32.ActiveCfg = MinSizeRel|Win32
		{1249B6A5-1184-3EB1-98CF-F1F602C99A02}.MinSizeRel|Win32.Build.0 = MinSizeRel|Win32
		{1249B6A5-1184-3EB1-98CF-F1F602C99A02}.RelWithDebInfo|Win32.ActiveCfg = RelWithDebInfo|Win32
		{1249B6A5-1184-3EB1-98CF-F1F602C99A02}.RelWithDebInfo|Win32.Build.0 = RelWithDebInfo|Win32
		{EAC80309-3521-374D-A5D1-3EB4DEB23C69}.Debug|Win32.ActiveCfg = Debug|Win32
		{EAC80309-3521-374D-A5D1-3EB4DEB23C69}.Debug|Win32.Build.0 = Debug|Win32
		{EAC80309-3521-374D-A5D1-3EB4DEB23C69}.Release|Win32.ActiveCfg = Release|Win32
		{EAC80309-3521-374D-A5D1-3EB4DEB23C69}.Release|Win32.Build.0 = Release|Win32
		{EAC80309-3521-374D-A5D1-3EB4DEB23C69}.MinSizeRel|Win32.ActiveCfg = MinSizeRel|Win32
		{EAC80309-3521-374D-A5D1-3EB4DEB23C69}.MinSizeRel|Win32.Build.0 = MinSizeRel|Win32
		{EAC80309-3521-374D-A5D1-3EB4DEB23C69}.RelWithDebInfo|Win32.ActiveCfg = RelWithDebInfo|Win32
		{EAC80309-3521-374D-A5D1-3EB4DEB23C69}.RelWithDebInfo|Win32.Build.0 = RelWithDebInfo|Win32
		{2D9629B1-7D6F-3F40-A252-7A5947796804}.Debug|Win32.ActiveCfg = Debug|Win32
		{2D9629B1-7D6F-3F40-A252-7A5947796804}.Debug|Win32.Build.0 = Debug|Win32
		{2D9629B1-7D6F-3F40-A252-7A5947796804}.Release|Win32.ActiveCfg = Release|Win32
		{2D9629B1-7D6F-3F40-A252-7A5947796804}.Release|Win32.Build.0 = Release|Win32
		{2D9629B1-7D6F-3F40-A252-7A5947796804}.MinSizeRel|Win32.ActiveCfg = MinSizeRel|Win32
		{2D9629B1-7D6F-3F40-A252-7A5947796804}.MinSizeRel|Win32.Build.0 = MinSizeRel|Win32
		{2D9629B1-7D6F-3F40-A252-7A5947796804}.RelWithDebInfo|Win32.ActiveCfg = RelWithDebInfo|Win32
		{2D9629B1-7D6F-3F40-A252-7A5947796804}.RelWithDebInfo|Win32.Build.0 = RelWithDebInfo|Win32
		{6659B8A8-E854-3713-A3AF-FDB7F4799426}.Debug|Win32.ActiveCfg = Debug|Win32
		{6659B8A8-E854-3713-A3AF-FDB7F4799426}.Debug|Win32.Build.0 = Debug|Win32
		{6659B8A8-E854-3713-A3AF-FDB7F4799426}.Release|Win32.ActiveCfg = Release|Win32
		{6659B8A8-E854-3713-A3AF-FDB7F4799426}.Release|Win32.Build.0 = Release|Win32
		{6659B8A8-E854-3713-A3AF-FDB7F4799426}.MinSizeRel|Win32.ActiveCfg = MinSizeRel|Win32
		{6659B8A8-E854-3713-A3AF-FDB7F4799426}.MinSizeRel|Win32.Build.0 = MinSizeRel|Win32
		{6659B8A8-E854-3713-A3AF-FDB7F4799426}.RelWithDebInfo|Win32.ActiveCfg = RelWithDebInfo|Win32
		{6659B8A8-E854-3713-A3AF-FDB7F4799426}.RelWithDebInfo|Win32.Build.0 = RelWithDebInfo|Win32
		{2FEB778B-063D-349C-BB53-9EA33CD9EE66}.Debug|Win32.ActiveCfg = Debug|Win32
		{2FEB778B-063D-349C-BB53-9EA33CD9EE66}.Debug|Win32.Build.0 = Debug|Win32
		{2FEB778B-063D-349C-BB53-9EA33CD9EE66}.Release|Win32.ActiveCfg = Release|Win32
		{2FEB778B-063D-349C-BB53-9EA33CD9EE66}.Release|Win32.Build.0 = Release|Win32
		{2FEB778B-063D-349C-BB53-9EA33CD9EE66}.MinSizeRel|Win32.ActiveCfg = MinSizeRel|Win32
		{2FEB778B-063D-349C-BB53-9EA33CD9EE66}.MinSizeRel|Win32.Build.0 = MinSizeRel|Win32
		{2FEB778B-063D-349C-BB53-9EA33CD9EE66}.RelWithDebInfo|Win32.ActiveCfg = RelWithDebInfo|Win32
		{2FEB778B-063D-349C-BB53-9EA33CD9EE66}.RelWithDebInfo|Win32.Build.0 = RelWithDebInfo|Win32
	EndGlobalSection
	GlobalSection(ExtensibilityGlobals) = postSolution
	EndGlobalSection
	GlobalSection(ExtensibilityAddIns) = postSolution
	EndGlobalSection
EndGlobal
