<?xml version="1.0" encoding="UTF-8"?>
<Project ToolsVersion="14.0" xmlns="http://schemas.microsoft.com/developer/msbuild/2003">
  <ItemGroup>
    <ClCompile Include="D:\Users\1530025\Desktop\bart-dx-engine-e16\bart-dx-engine-e16\bulletSource\src\BulletInverseDynamics\IDMath.cpp">
      <Filter>Source Files</Filter>
    </ClCompile>
    <ClCompile Include="D:\Users\1530025\Desktop\bart-dx-engine-e16\bart-dx-engine-e16\bulletSource\src\BulletInverseDynamics\MultiBodyTree.cpp">
      <Filter>Source Files</Filter>
    </ClCompile>
    <ClCompile Include="D:\Users\1530025\Desktop\bart-dx-engine-e16\bart-dx-engine-e16\bulletSource\src\BulletInverseDynamics\details\MultiBodyTreeInitCache.cpp">
      <Filter>Source Files</Filter>
    </ClCompile>
    <ClCompile Include="D:\Users\1530025\Desktop\bart-dx-engine-e16\bart-dx-engine-e16\bulletSource\src\BulletInverseDynamics\details\MultiBodyTreeImpl.cpp">
      <Filter>Source Files</Filter>
    </ClCompile>
  </ItemGroup>
  <ItemGroup>
    <ClInclude Include="D:\Users\1530025\Desktop\bart-dx-engine-e16\bart-dx-engine-e16\bulletSource\src\BulletInverseDynamics\IDConfig.hpp">
      <Filter>Header Files</Filter>
    </ClInclude>
    <ClInclude Include="D:\Users\1530025\Desktop\bart-dx-engine-e16\bart-dx-engine-e16\bulletSource\src\BulletInverseDynamics\IDConfigEigen.hpp">
      <Filter>Header Files</Filter>
    </ClInclude>
    <ClInclude Include="D:\Users\1530025\Desktop\bart-dx-engine-e16\bart-dx-engine-e16\bulletSource\src\BulletInverseDynamics\IDMath.hpp">
      <Filter>Header Files</Filter>
    </ClInclude>
    <ClInclude Include="D:\Users\1530025\Desktop\bart-dx-engine-e16\bart-dx-engine-e16\bulletSource\src\BulletInverseDynamics\IDConfigBuiltin.hpp">
      <Filter>Header Files</Filter>
    </ClInclude>
    <ClInclude Include="D:\Users\1530025\Desktop\bart-dx-engine-e16\bart-dx-engine-e16\bulletSource\src\BulletInverseDynamics\IDErrorMessages.hpp">
      <Filter>Header Files</Filter>
    </ClInclude>
    <ClInclude Include="D:\Users\1530025\Desktop\bart-dx-engine-e16\bart-dx-engine-e16\bulletSource\src\BulletInverseDynamics\MultiBodyTree.hpp">
      <Filter>Header Files</Filter>
    </ClInclude>
    <ClInclude Include="D:\Users\1530025\Desktop\bart-dx-engine-e16\bart-dx-engine-e16\bulletSource\src\BulletInverseDynamics\details\IDEigenInterface.hpp">
      <Filter>Header Files</Filter>
    </ClInclude>
    <ClInclude Include="D:\Users\1530025\Desktop\bart-dx-engine-e16\bart-dx-engine-e16\bulletSource\src\BulletInverseDynamics\details\IDMatVec.hpp">
      <Filter>Header Files</Filter>
    </ClInclude>
    <ClInclude Include="D:\Users\1530025\Desktop\bart-dx-engine-e16\bart-dx-engine-e16\bulletSource\src\BulletInverseDynamics\details\IDLinearMathInterface.hpp">
      <Filter>Header Files</Filter>
    </ClInclude>
    <ClInclude Include="D:\Users\1530025\Desktop\bart-dx-engine-e16\bart-dx-engine-e16\bulletSource\src\BulletInverseDynamics\details\MultiBodyTreeImpl.hpp">
      <Filter>Header Files</Filter>
    </ClInclude>
    <ClInclude Include="D:\Users\1530025\Desktop\bart-dx-engine-e16\bart-dx-engine-e16\bulletSource\src\BulletInverseDynamics\details\MultiBodyTreeInitCache.hpp">
      <Filter>Header Files</Filter>
    </ClInclude>
  </ItemGroup>
  <ItemGroup>
    <CustomBuild Include="D:\Users\1530025\Desktop\bart-dx-engine-e16\bart-dx-engine-e16\bulletSource\src\BulletInverseDynamics\CMakeLists.txt" />
  </ItemGroup>
  <ItemGroup>
    <Filter Include="Source Files">
      <UniqueIdentifier>{21B136E6-7F12-3177-8074-AD0338706AE0}</UniqueIdentifier>
    </Filter>
    <Filter Include="Header Files">
      <UniqueIdentifier>{B87A4D61-D237-32CF-BF05-AE89DF6B10ED}</UniqueIdentifier>
    </Filter>
  </ItemGroup>
</Project>
